
Microsoft Visual Studio Solution File, Format Version 12.00
# Visual Studio 14
VisualStudioVersion = 14.0.22823.1
MinimumVisualStudioVersion = 10.0.40219.1
Project("{151D2E53-A2C4-4D7D-83FE-D05416EBD58E}") = "sioazure", "sioazure\sioazure.deployproj", "{47513992-E578-4E58-942D-DD8125EC5C47}"
EndProject
Global
	GlobalSection(SolutionConfigurationPlatforms) = preSolution
		Debug|Any CPU = Debug|Any CPU
		Release|Any CPU = Release|Any CPU
	EndGlobalSection
	GlobalSection(ProjectConfigurationPlatforms) = postSolution
		{47513992-E578-4E58-942D-DD8125EC5C47}.Debug|Any CPU.ActiveCfg = Debug|Any CPU
		{47513992-E578-4E58-942D-DD8125EC5C47}.Debug|Any CPU.Build.0 = Debug|Any CPU
		{47513992-E578-4E58-942D-DD8125EC5C47}.Release|Any CPU.ActiveCfg = Release|Any CPU
		{47513992-E578-4E58-942D-DD8125EC5C47}.Release|Any CPU.Build.0 = Release|Any CPU
	EndGlobalSection
	GlobalSection(SolutionProperties) = preSolution
		HideSolutionNode = FALSE
	EndGlobalSection
EndGlobal
